
Microsoft Visual Studio Solution File, Format Version 12.00
# Visual Studio 15
VisualStudioVersion = 15.0.27130.2026
MinimumVisualStudioVersion = 10.0.40219.1
Project("{FAE04EC0-301F-11D3-BF4B-00C04F79EFBC}") = "Snowflake", "Snowflake\Snowflake.csproj", "{CAF99958-2B24-4A64-BD1B-B05DA2D781EC}"
EndProject
Global
	GlobalSection(SolutionConfigurationPlatforms) = preSolution
		Debug|Any CPU = Debug|Any CPU
		Release|Any CPU = Release|Any CPU
	EndGlobalSection
	GlobalSection(ProjectConfigurationPlatforms) = postSolution
		{CAF99958-2B24-4A64-BD1B-B05DA2D781EC}.Debug|Any CPU.ActiveCfg = Debug|Any CPU
		{CAF99958-2B24-4A64-BD1B-B05DA2D781EC}.Debug|Any CPU.Build.0 = Debug|Any CPU
		{CAF99958-2B24-4A64-BD1B-B05DA2D781EC}.Release|Any CPU.ActiveCfg = Release|Any CPU
		{CAF99958-2B24-4A64-BD1B-B05DA2D781EC}.Release|Any CPU.Build.0 = Release|Any CPU
	EndGlobalSection
	GlobalSection(SolutionProperties) = preSolution
		HideSolutionNode = FALSE
	EndGlobalSection
	GlobalSection(ExtensibilityGlobals) = postSolution
		SolutionGuid = {9B2B04CB-7549-49EF-8D45-78F43ED6E62B}
	EndGlobalSection
EndGlobal
